// !$*UTF8*$!
{
	archiveVersion = 1;
	classes = {
	};
	objectVersion = 46;
	objects = {

/* Begin PBXBuildFile section */
		188BEA347DAF2157B27FC4F1 /* libPods-EmptyDemoUITests.a in Frameworks */ = {isa = PBXBuildFile; fileRef = 91A51BDDC8B8609567C58C30 /* libPods-EmptyDemoUITests.a */; };
		18FCA1871F430CA5001096E7 /* main.m in Sources */ = {isa = PBXBuildFile; fileRef = 18FCA1861F430CA5001096E7 /* main.m */; };
		18FCA18A1F430CA5001096E7 /* AppDelegate.m in Sources */ = {isa = PBXBuildFile; fileRef = 18FCA1891F430CA5001096E7 /* AppDelegate.m */; };
		18FCA18D1F430CA5001096E7 /* ViewController.m in Sources */ = {isa = PBXBuildFile; fileRef = 18FCA18C1F430CA5001096E7 /* ViewController.m */; };
		18FCA1921F430CA5001096E7 /* Assets.xcassets in Resources */ = {isa = PBXBuildFile; fileRef = 18FCA1911F430CA5001096E7 /* Assets.xcassets */; };
		18FCA1951F430CA5001096E7 /* LaunchScreen.storyboard in Resources */ = {isa = PBXBuildFile; fileRef = 18FCA1931F430CA5001096E7 /* LaunchScreen.storyboard */; };
		18FCA1A01F430CA5001096E7 /* EmptyDemoTests.m in Sources */ = {isa = PBXBuildFile; fileRef = 18FCA19F1F430CA5001096E7 /* EmptyDemoTests.m */; };
		18FCA1AB1F430CA5001096E7 /* EmptyDemoUITests.m in Sources */ = {isa = PBXBuildFile; fileRef = 18FCA1AA1F430CA5001096E7 /* EmptyDemoUITests.m */; };
		18FCA1BB1F430D0B001096E7 /* UIScrollView+PeerRefresh.m in Sources */ = {isa = PBXBuildFile; fileRef = 18FCA1BA1F430D0B001096E7 /* UIScrollView+PeerRefresh.m */; };
		18FCA1BE1F430D20001096E7 /* UIScrollView+PeerEmpty.m in Sources */ = {isa = PBXBuildFile; fileRef = 18FCA1BD1F430D20001096E7 /* UIScrollView+PeerEmpty.m */; };
		18FCA1C01F430F45001096E7 /* Main.storyboard in Resources */ = {isa = PBXBuildFile; fileRef = 18FCA1BF1F430F45001096E7 /* Main.storyboard */; };
		A4D377C3D900560CD7AEA9B2 /* libPods-EmptyDemoTests.a in Frameworks */ = {isa = PBXBuildFile; fileRef = A34FC94D3FCE9198E547514F /* libPods-EmptyDemoTests.a */; };
		B50A3BEE5A9A09973E730142 /* libPods-EmptyDemo.a in Frameworks */ = {isa = PBXBuildFile; fileRef = 02AF2F40FA9654B53DEE183E /* libPods-EmptyDemo.a */; };
/* End PBXBuildFile section */

/* Begin PBXContainerItemProxy section */
		18FCA19C1F430CA5001096E7 /* PBXContainerItemProxy */ = {
			isa = PBXContainerItemProxy;
			containerPortal = 18FCA17A1F430CA5001096E7 /* Project object */;
			proxyType = 1;
			remoteGlobalIDString = 18FCA1811F430CA5001096E7;
			remoteInfo = EmptyDemo;
		};
		18FCA1A71F430CA5001096E7 /* PBXContainerItemProxy */ = {
			isa = PBXContainerItemProxy;
			containerPortal = 18FCA17A1F430CA5001096E7 /* Project object */;
			proxyType = 1;
			remoteGlobalIDString = 18FCA1811F430CA5001096E7;
			remoteInfo = EmptyDemo;
		};
/* End PBXContainerItemProxy section */

/* Begin PBXFileReference section */
		02AF2F40FA9654B53DEE183E /* libPods-EmptyDemo.a */ = {isa = PBXFileReference; explicitFileType = archive.ar; includeInIndex = 0; path = "libPods-EmptyDemo.a"; sourceTree = BUILT_PRODUCTS_DIR; };
		18FCA1821F430CA5001096E7 /* EmptyDemo.app */ = {isa = PBXFileReference; explicitFileType = wrapper.application; includeInIndex = 0; path = EmptyDemo.app; sourceTree = BUILT_PRODUCTS_DIR; };
		18FCA1861F430CA5001096E7 /* main.m */ = {isa = PBXFileReference; lastKnownFileType = sourcecode.c.objc; path = main.m; sourceTree = "<group>"; };
		18FCA1881F430CA5001096E7 /* AppDelegate.h */ = {isa = PBXFileReference; lastKnownFileType = sourcecode.c.h; path = AppDelegate.h; sourceTree = "<group>"; };
		18FCA1891F430CA5001096E7 /* AppDelegate.m */ = {isa = PBXFileReference; lastKnownFileType = sourcecode.c.objc; path = AppDelegate.m; sourceTree = "<group>"; };
		18FCA18B1F430CA5001096E7 /* ViewController.h */ = {isa = PBXFileReference; lastKnownFileType = sourcecode.c.h; path = ViewController.h; sourceTree = "<group>"; };
		18FCA18C1F430CA5001096E7 /* ViewController.m */ = {isa = PBXFileReference; lastKnownFileType = sourcecode.c.objc; path = ViewController.m; sourceTree = "<group>"; };
		18FCA1911F430CA5001096E7 /* Assets.xcassets */ = {isa = PBXFileReference; lastKnownFileType = folder.assetcatalog; path = Assets.xcassets; sourceTree = "<group>"; };
		18FCA1941F430CA5001096E7 /* Base */ = {isa = PBXFileReference; lastKnownFileType = file.storyboard; name = Base; path = Base.lproj/LaunchScreen.storyboard; sourceTree = "<group>"; };
		18FCA1961F430CA5001096E7 /* Info.plist */ = {isa = PBXFileReference; lastKnownFileType = text.plist.xml; path = Info.plist; sourceTree = "<group>"; };
		18FCA19B1F430CA5001096E7 /* EmptyDemoTests.xctest */ = {isa = PBXFileReference; explicitFileType = wrapper.cfbundle; includeInIndex = 0; path = EmptyDemoTests.xctest; sourceTree = BUILT_PRODUCTS_DIR; };
		18FCA19F1F430CA5001096E7 /* EmptyDemoTests.m */ = {isa = PBXFileReference; lastKnownFileType = sourcecode.c.objc; path = EmptyDemoTests.m; sourceTree = "<group>"; };
		18FCA1A11F430CA5001096E7 /* Info.plist */ = {isa = PBXFileReference; lastKnownFileType = text.plist.xml; path = Info.plist; sourceTree = "<group>"; };
		18FCA1A61F430CA5001096E7 /* EmptyDemoUITests.xctest */ = {isa = PBXFileReference; explicitFileType = wrapper.cfbundle; includeInIndex = 0; path = EmptyDemoUITests.xctest; sourceTree = BUILT_PRODUCTS_DIR; };
		18FCA1AA1F430CA5001096E7 /* EmptyDemoUITests.m */ = {isa = PBXFileReference; lastKnownFileType = sourcecode.c.objc; path = EmptyDemoUITests.m; sourceTree = "<group>"; };
		18FCA1AC1F430CA5001096E7 /* Info.plist */ = {isa = PBXFileReference; lastKnownFileType = text.plist.xml; path = Info.plist; sourceTree = "<group>"; };
		18FCA1B91F430D0B001096E7 /* UIScrollView+PeerRefresh.h */ = {isa = PBXFileReference; fileEncoding = 4; lastKnownFileType = sourcecode.c.h; path = "UIScrollView+PeerRefresh.h"; sourceTree = "<group>"; };
		18FCA1BA1F430D0B001096E7 /* UIScrollView+PeerRefresh.m */ = {isa = PBXFileReference; fileEncoding = 4; lastKnownFileType = sourcecode.c.objc; path = "UIScrollView+PeerRefresh.m"; sourceTree = "<group>"; };
		18FCA1BC1F430D20001096E7 /* UIScrollView+PeerEmpty.h */ = {isa = PBXFileReference; fileEncoding = 4; lastKnownFileType = sourcecode.c.h; path = "UIScrollView+PeerEmpty.h"; sourceTree = "<group>"; };
		18FCA1BD1F430D20001096E7 /* UIScrollView+PeerEmpty.m */ = {isa = PBXFileReference; fileEncoding = 4; lastKnownFileType = sourcecode.c.objc; path = "UIScrollView+PeerEmpty.m"; sourceTree = "<group>"; };
		18FCA1BF1F430F45001096E7 /* Main.storyboard */ = {isa = PBXFileReference; fileEncoding = 4; lastKnownFileType = file.storyboard; path = Main.storyboard; sourceTree = "<group>"; };
		54BCEC79772B5790454FAD5C /* Pods-EmptyDemoUITests.release.xcconfig */ = {isa = PBXFileReference; includeInIndex = 1; lastKnownFileType = text.xcconfig; name = "Pods-EmptyDemoUITests.release.xcconfig"; path = "Pods/Target Support Files/Pods-EmptyDemoUITests/Pods-EmptyDemoUITests.release.xcconfig"; sourceTree = "<group>"; };
		5A0C2E4642A468E7CF46325F /* Pods-EmptyDemo.release.xcconfig */ = {isa = PBXFileReference; includeInIndex = 1; lastKnownFileType = text.xcconfig; name = "Pods-EmptyDemo.release.xcconfig"; path = "Pods/Target Support Files/Pods-EmptyDemo/Pods-EmptyDemo.release.xcconfig"; sourceTree = "<group>"; };
		67DB6BE824CC780DAF8ADBC9 /* Pods-EmptyDemoUITests.debug.xcconfig */ = {isa = PBXFileReference; includeInIndex = 1; lastKnownFileType = text.xcconfig; name = "Pods-EmptyDemoUITests.debug.xcconfig"; path = "Pods/Target Support Files/Pods-EmptyDemoUITests/Pods-EmptyDemoUITests.debug.xcconfig"; sourceTree = "<group>"; };
		91A51BDDC8B8609567C58C30 /* libPods-EmptyDemoUITests.a */ = {isa = PBXFileReference; explicitFileType = archive.ar; includeInIndex = 0; path = "libPods-EmptyDemoUITests.a"; sourceTree = BUILT_PRODUCTS_DIR; };
		A0169BCA9D96A7DE1EF90CE5 /* Pods-EmptyDemoTests.debug.xcconfig */ = {isa = PBXFileReference; includeInIndex = 1; lastKnownFileType = text.xcconfig; name = "Pods-EmptyDemoTests.debug.xcconfig"; path = "Pods/Target Support Files/Pods-EmptyDemoTests/Pods-EmptyDemoTests.debug.xcconfig"; sourceTree = "<group>"; };
		A34FC94D3FCE9198E547514F /* libPods-EmptyDemoTests.a */ = {isa = PBXFileReference; explicitFileType = archive.ar; includeInIndex = 0; path = "libPods-EmptyDemoTests.a"; sourceTree = BUILT_PRODUCTS_DIR; };
		BEA9E68395B6653A1C9B4817 /* Pods-EmptyDemo.debug.xcconfig */ = {isa = PBXFileReference; includeInIndex = 1; lastKnownFileType = text.xcconfig; name = "Pods-EmptyDemo.debug.xcconfig"; path = "Pods/Target Support Files/Pods-EmptyDemo/Pods-EmptyDemo.debug.xcconfig"; sourceTree = "<group>"; };
		EA90903F722B2AB3D6C96102 /* Pods-EmptyDemoTests.release.xcconfig */ = {isa = PBXFileReference; includeInIndex = 1; lastKnownFileType = text.xcconfig; name = "Pods-EmptyDemoTests.release.xcconfig"; path = "Pods/Target Support Files/Pods-EmptyDemoTests/Pods-EmptyDemoTests.release.xcconfig"; sourceTree = "<group>"; };
/* End PBXFileReference section */

/* Begin PBXFrameworksBuildPhase section */
		18FCA17F1F430CA5001096E7 /* Frameworks */ = {
			isa = PBXFrameworksBuildPhase;
			buildActionMask = 2147483647;
			files = (
				B50A3BEE5A9A09973E730142 /* libPods-EmptyDemo.a in Frameworks */,
			);
			runOnlyForDeploymentPostprocessing = 0;
		};
		18FCA1981F430CA5001096E7 /* Frameworks */ = {
			isa = PBXFrameworksBuildPhase;
			buildActionMask = 2147483647;
			files = (
				A4D377C3D900560CD7AEA9B2 /* libPods-EmptyDemoTests.a in Frameworks */,
			);
			runOnlyForDeploymentPostprocessing = 0;
		};
		18FCA1A31F430CA5001096E7 /* Frameworks */ = {
			isa = PBXFrameworksBuildPhase;
			buildActionMask = 2147483647;
			files = (
				188BEA347DAF2157B27FC4F1 /* libPods-EmptyDemoUITests.a in Frameworks */,
			);
			runOnlyForDeploymentPostprocessing = 0;
		};
/* End PBXFrameworksBuildPhase section */

/* Begin PBXGroup section */
		18FCA1791F430CA5001096E7 = {
			isa = PBXGroup;
			children = (
				18FCA1841F430CA5001096E7 /* EmptyDemo */,
				18FCA19E1F430CA5001096E7 /* EmptyDemoTests */,
				18FCA1A91F430CA5001096E7 /* EmptyDemoUITests */,
				18FCA1831F430CA5001096E7 /* Products */,
				8110DBA7F2418452C62F3F8A /* Pods */,
				A8F1C8522113034D585112CF /* Frameworks */,
			);
			sourceTree = "<group>";
		};
		18FCA1831F430CA5001096E7 /* Products */ = {
			isa = PBXGroup;
			children = (
				18FCA1821F430CA5001096E7 /* EmptyDemo.app */,
				18FCA19B1F430CA5001096E7 /* EmptyDemoTests.xctest */,
				18FCA1A61F430CA5001096E7 /* EmptyDemoUITests.xctest */,
			);
			name = Products;
			sourceTree = "<group>";
		};
		18FCA1841F430CA5001096E7 /* EmptyDemo */ = {
			isa = PBXGroup;
			children = (
				18FCA1B81F430CC9001096E7 /* Catergory */,
				18FCA1881F430CA5001096E7 /* AppDelegate.h */,
				18FCA1891F430CA5001096E7 /* AppDelegate.m */,
				18FCA18B1F430CA5001096E7 /* ViewController.h */,
				18FCA18C1F430CA5001096E7 /* ViewController.m */,
				18FCA1BF1F430F45001096E7 /* Main.storyboard */,
				18FCA1911F430CA5001096E7 /* Assets.xcassets */,
				18FCA1931F430CA5001096E7 /* LaunchScreen.storyboard */,
				18FCA1961F430CA5001096E7 /* Info.plist */,
				18FCA1851F430CA5001096E7 /* Supporting Files */,
			);
			path = EmptyDemo;
			sourceTree = "<group>";
		};
		18FCA1851F430CA5001096E7 /* Supporting Files */ = {
			isa = PBXGroup;
			children = (
				18FCA1861F430CA5001096E7 /* main.m */,
			);
			name = "Supporting Files";
			sourceTree = "<group>";
		};
		18FCA19E1F430CA5001096E7 /* EmptyDemoTests */ = {
			isa = PBXGroup;
			children = (
				18FCA19F1F430CA5001096E7 /* EmptyDemoTests.m */,
				18FCA1A11F430CA5001096E7 /* Info.plist */,
			);
			path = EmptyDemoTests;
			sourceTree = "<group>";
		};
		18FCA1A91F430CA5001096E7 /* EmptyDemoUITests */ = {
			isa = PBXGroup;
			children = (
				18FCA1AA1F430CA5001096E7 /* EmptyDemoUITests.m */,
				18FCA1AC1F430CA5001096E7 /* Info.plist */,
			);
			path = EmptyDemoUITests;
			sourceTree = "<group>";
		};
		18FCA1B81F430CC9001096E7 /* Catergory */ = {
			isa = PBXGroup;
			children = (
				18FCA1B91F430D0B001096E7 /* UIScrollView+PeerRefresh.h */,
				18FCA1BA1F430D0B001096E7 /* UIScrollView+PeerRefresh.m */,
				18FCA1BC1F430D20001096E7 /* UIScrollView+PeerEmpty.h */,
				18FCA1BD1F430D20001096E7 /* UIScrollView+PeerEmpty.m */,
			);
			path = Catergory;
			sourceTree = "<group>";
		};
		8110DBA7F2418452C62F3F8A /* Pods */ = {
			isa = PBXGroup;
			children = (
				BEA9E68395B6653A1C9B4817 /* Pods-EmptyDemo.debug.xcconfig */,
				5A0C2E4642A468E7CF46325F /* Pods-EmptyDemo.release.xcconfig */,
				A0169BCA9D96A7DE1EF90CE5 /* Pods-EmptyDemoTests.debug.xcconfig */,
				EA90903F722B2AB3D6C96102 /* Pods-EmptyDemoTests.release.xcconfig */,
				67DB6BE824CC780DAF8ADBC9 /* Pods-EmptyDemoUITests.debug.xcconfig */,
				54BCEC79772B5790454FAD5C /* Pods-EmptyDemoUITests.release.xcconfig */,
			);
			name = Pods;
			sourceTree = "<group>";
		};
		A8F1C8522113034D585112CF /* Frameworks */ = {
			isa = PBXGroup;
			children = (
				02AF2F40FA9654B53DEE183E /* libPods-EmptyDemo.a */,
				A34FC94D3FCE9198E547514F /* libPods-EmptyDemoTests.a */,
				91A51BDDC8B8609567C58C30 /* libPods-EmptyDemoUITests.a */,
			);
			name = Frameworks;
			sourceTree = "<group>";
		};
/* End PBXGroup section */

/* Begin PBXNativeTarget section */
		18FCA1811F430CA5001096E7 /* EmptyDemo */ = {
			isa = PBXNativeTarget;
			buildConfigurationList = 18FCA1AF1F430CA5001096E7 /* Build configuration list for PBXNativeTarget "EmptyDemo" */;
			buildPhases = (
				D878F33C4C79E83B8554DEEB /* [CP] Check Pods Manifest.lock */,
				18FCA17E1F430CA5001096E7 /* Sources */,
				18FCA17F1F430CA5001096E7 /* Frameworks */,
				18FCA1801F430CA5001096E7 /* Resources */,
				41BC17DF42BC9C3A8CE6C49A /* [CP] Embed Pods Frameworks */,
				35DCB3A8F982BC8D0987A285 /* [CP] Copy Pods Resources */,
			);
			buildRules = (
			);
			dependencies = (
			);
			name = EmptyDemo;
			productName = EmptyDemo;
			productReference = 18FCA1821F430CA5001096E7 /* EmptyDemo.app */;
			productType = "com.apple.product-type.application";
		};
		18FCA19A1F430CA5001096E7 /* EmptyDemoTests */ = {
			isa = PBXNativeTarget;
			buildConfigurationList = 18FCA1B21F430CA5001096E7 /* Build configuration list for PBXNativeTarget "EmptyDemoTests" */;
			buildPhases = (
				38CF123AF3292D1756CDCE81 /* [CP] Check Pods Manifest.lock */,
				18FCA1971F430CA5001096E7 /* Sources */,
				18FCA1981F430CA5001096E7 /* Frameworks */,
				18FCA1991F430CA5001096E7 /* Resources */,
				26C10B2A498057C1B353AD6A /* [CP] Embed Pods Frameworks */,
				0D08264BFA66DB98019FE117 /* [CP] Copy Pods Resources */,
			);
			buildRules = (
			);
			dependencies = (
				18FCA19D1F430CA5001096E7 /* PBXTargetDependency */,
			);
			name = EmptyDemoTests;
			productName = EmptyDemoTests;
			productReference = 18FCA19B1F430CA5001096E7 /* EmptyDemoTests.xctest */;
			productType = "com.apple.product-type.bundle.unit-test";
		};
		18FCA1A51F430CA5001096E7 /* EmptyDemoUITests */ = {
			isa = PBXNativeTarget;
			buildConfigurationList = 18FCA1B51F430CA5001096E7 /* Build configuration list for PBXNativeTarget "EmptyDemoUITests" */;
			buildPhases = (
				A37B42942A8DB43DEB7289A5 /* [CP] Check Pods Manifest.lock */,
				18FCA1A21F430CA5001096E7 /* Sources */,
				18FCA1A31F430CA5001096E7 /* Frameworks */,
				18FCA1A41F430CA5001096E7 /* Resources */,
				5047DEF9523B0B6DD83E4DD2 /* [CP] Embed Pods Frameworks */,
				F24BC019C7BB1D1FD42640DC /* [CP] Copy Pods Resources */,
			);
			buildRules = (
			);
			dependencies = (
				18FCA1A81F430CA5001096E7 /* PBXTargetDependency */,
			);
			name = EmptyDemoUITests;
			productName = EmptyDemoUITests;
			productReference = 18FCA1A61F430CA5001096E7 /* EmptyDemoUITests.xctest */;
			productType = "com.apple.product-type.bundle.ui-testing";
		};
/* End PBXNativeTarget section */

/* Begin PBXProject section */
		18FCA17A1F430CA5001096E7 /* Project object */ = {
			isa = PBXProject;
			attributes = {
				LastUpgradeCheck = 0830;
				ORGANIZATIONNAME = Apple;
				TargetAttributes = {
					18FCA1811F430CA5001096E7 = {
						CreatedOnToolsVersion = 8.3.3;
						DevelopmentTeam = 4QPALNWDNA;
						ProvisioningStyle = Automatic;
					};
					18FCA19A1F430CA5001096E7 = {
						CreatedOnToolsVersion = 8.3.3;
						DevelopmentTeam = 4QPALNWDNA;
						ProvisioningStyle = Automatic;
						TestTargetID = 18FCA1811F430CA5001096E7;
					};
					18FCA1A51F430CA5001096E7 = {
						CreatedOnToolsVersion = 8.3.3;
						DevelopmentTeam = 4QPALNWDNA;
						ProvisioningStyle = Automatic;
						TestTargetID = 18FCA1811F430CA5001096E7;
					};
				};
			};
			buildConfigurationList = 18FCA17D1F430CA5001096E7 /* Build configuration list for PBXProject "EmptyDemo" */;
			compatibilityVersion = "Xcode 3.2";
			developmentRegion = English;
			hasScannedForEncodings = 0;
			knownRegions = (
				en,
				Base,
			);
			mainGroup = 18FCA1791F430CA5001096E7;
			productRefGroup = 18FCA1831F430CA5001096E7 /* Products */;
			projectDirPath = "";
			projectRoot = "";
			targets = (
				18FCA1811F430CA5001096E7 /* EmptyDemo */,
				18FCA19A1F430CA5001096E7 /* EmptyDemoTests */,
				18FCA1A51F430CA5001096E7 /* EmptyDemoUITests */,
			);
		};
/* End PBXProject section */

/* Begin PBXResourcesBuildPhase section */
		18FCA1801F430CA5001096E7 /* Resources */ = {
			isa = PBXResourcesBuildPhase;
			buildActionMask = 2147483647;
			files = (
				18FCA1C01F430F45001096E7 /* Main.storyboard in Resources */,
				18FCA1951F430CA5001096E7 /* LaunchScreen.storyboard in Resources */,
				18FCA1921F430CA5001096E7 /* Assets.xcassets in Resources */,
			);
			runOnlyForDeploymentPostprocessing = 0;
		};
		18FCA1991F430CA5001096E7 /* Resources */ = {
			isa = PBXResourcesBuildPhase;
			buildActionMask = 2147483647;
			files = (
			);
			runOnlyForDeploymentPostprocessing = 0;
		};
		18FCA1A41F430CA5001096E7 /* Resources */ = {
			isa = PBXResourcesBuildPhase;
			buildActionMask = 2147483647;
			files = (
			);
			runOnlyForDeploymentPostprocessing = 0;
		};
/* End PBXResourcesBuildPhase section */

/* Begin PBXShellScriptBuildPhase section */
		0D08264BFA66DB98019FE117 /* [CP] Copy Pods Resources */ = {
			isa = PBXShellScriptBuildPhase;
			buildActionMask = 2147483647;
			files = (
			);
			inputPaths = (
			);
			name = "[CP] Copy Pods Resources";
			outputPaths = (
			);
			runOnlyForDeploymentPostprocessing = 0;
			shellPath = /bin/sh;
			shellScript = "\"${SRCROOT}/Pods/Target Support Files/Pods-EmptyDemoTests/Pods-EmptyDemoTests-resources.sh\"\n";
			showEnvVarsInLog = 0;
		};
		26C10B2A498057C1B353AD6A /* [CP] Embed Pods Frameworks */ = {
			isa = PBXShellScriptBuildPhase;
			buildActionMask = 2147483647;
			files = (
			);
			inputPaths = (
			);
			name = "[CP] Embed Pods Frameworks";
			outputPaths = (
			);
			runOnlyForDeploymentPostprocessing = 0;
			shellPath = /bin/sh;
			shellScript = "\"${SRCROOT}/Pods/Target Support Files/Pods-EmptyDemoTests/Pods-EmptyDemoTests-frameworks.sh\"\n";
			showEnvVarsInLog = 0;
		};
		35DCB3A8F982BC8D0987A285 /* [CP] Copy Pods Resources */ = {
			isa = PBXShellScriptBuildPhase;
			buildActionMask = 2147483647;
			files = (
			);
			inputPaths = (
			);
			name = "[CP] Copy Pods Resources";
			outputPaths = (
			);
			runOnlyForDeploymentPostprocessing = 0;
			shellPath = /bin/sh;
			shellScript = "\"${SRCROOT}/Pods/Target Support Files/Pods-EmptyDemo/Pods-EmptyDemo-resources.sh\"\n";
			showEnvVarsInLog = 0;
		};
		38CF123AF3292D1756CDCE81 /* [CP] Check Pods Manifest.lock */ = {
			isa = PBXShellScriptBuildPhase;
			buildActionMask = 2147483647;
			files = (
			);
			inputPaths = (
			);
			name = "[CP] Check Pods Manifest.lock";
			outputPaths = (
			);
			runOnlyForDeploymentPostprocessing = 0;
			shellPath = /bin/sh;
			shellScript = "diff \"${PODS_PODFILE_DIR_PATH}/Podfile.lock\" \"${PODS_ROOT}/Manifest.lock\" > /dev/null\nif [ $? != 0 ] ; then\n    # print error to STDERR\n    echo \"error: The sandbox is not in sync with the Podfile.lock. Run 'pod install' or update your CocoaPods installation.\" >&2\n    exit 1\nfi\n";
			showEnvVarsInLog = 0;
		};
		41BC17DF42BC9C3A8CE6C49A /* [CP] Embed Pods Frameworks */ = {
			isa = PBXShellScriptBuildPhase;
			buildActionMask = 2147483647;
			files = (
			);
			inputPaths = (
			);
			name = "[CP] Embed Pods Frameworks";
			outputPaths = (
			);
			runOnlyForDeploymentPostprocessing = 0;
			shellPath = /bin/sh;
			shellScript = "\"${SRCROOT}/Pods/Target Support Files/Pods-EmptyDemo/Pods-EmptyDemo-frameworks.sh\"\n";
			showEnvVarsInLog = 0;
		};
		5047DEF9523B0B6DD83E4DD2 /* [CP] Embed Pods Frameworks */ = {
			isa = PBXShellScriptBuildPhase;
			buildActionMask = 2147483647;
			files = (
			);
			inputPaths = (
			);
			name = "[CP] Embed Pods Frameworks";
			outputPaths = (
			);
			runOnlyForDeploymentPostprocessing = 0;
			shellPath = /bin/sh;
			shellScript = "\"${SRCROOT}/Pods/Target Support Files/Pods-EmptyDemoUITests/Pods-EmptyDemoUITests-frameworks.sh\"\n";
			showEnvVarsInLog = 0;
		};
		A37B42942A8DB43DEB7289A5 /* [CP] Check Pods Manifest.lock */ = {
			isa = PBXShellScriptBuildPhase;
			buildActionMask = 2147483647;
			files = (
			);
			inputPaths = (
			);
			name = "[CP] Check Pods Manifest.lock";
			outputPaths = (
			);
			runOnlyForDeploymentPostprocessing = 0;
			shellPath = /bin/sh;
			shellScript = "diff \"${PODS_PODFILE_DIR_PATH}/Podfile.lock\" \"${PODS_ROOT}/Manifest.lock\" > /dev/null\nif [ $? != 0 ] ; then\n    # print error to STDERR\n    echo \"error: The sandbox is not in sync with the Podfile.lock. Run 'pod install' or update your CocoaPods installation.\" >&2\n    exit 1\nfi\n";
			showEnvVarsInLog = 0;
		};
		D878F33C4C79E83B8554DEEB /* [CP] Check Pods Manifest.lock */ = {
			isa = PBXShellScriptBuildPhase;
			buildActionMask = 2147483647;
			files = (
			);
			inputPaths = (
			);
			name = "[CP] Check Pods Manifest.lock";
			outputPaths = (
			);
			runOnlyForDeploymentPostprocessing = 0;
			shellPath = /bin/sh;
			shellScript = "diff \"${PODS_PODFILE_DIR_PATH}/Podfile.lock\" \"${PODS_ROOT}/Manifest.lock\" > /dev/null\nif [ $? != 0 ] ; then\n    # print error to STDERR\n    echo \"error: The sandbox is not in sync with the Podfile.lock. Run 'pod install' or update your CocoaPods installation.\" >&2\n    exit 1\nfi\n";
			showEnvVarsInLog = 0;
		};
		F24BC019C7BB1D1FD42640DC /* [CP] Copy Pods Resources */ = {
			isa = PBXShellScriptBuildPhase;
			buildActionMask = 2147483647;
			files = (
			);
			inputPaths = (
			);
			name = "[CP] Copy Pods Resources";
			outputPaths = (
			);
			runOnlyForDeploymentPostprocessing = 0;
			shellPath = /bin/sh;
			shellScript = "\"${SRCROOT}/Pods/Target Support Files/Pods-EmptyDemoUITests/Pods-EmptyDemoUITests-resources.sh\"\n";
			showEnvVarsInLog = 0;
		};
/* End PBXShellScriptBuildPhase section */

/* Begin PBXSourcesBuildPhase section */
		18FCA17E1F430CA5001096E7 /* Sources */ = {
			isa = PBXSourcesBuildPhase;
			buildActionMask = 2147483647;
			files = (
				18FCA18D1F430CA5001096E7 /* ViewController.m in Sources */,
				18FCA18A1F430CA5001096E7 /* AppDelegate.m in Sources */,
				18FCA1871F430CA5001096E7 /* main.m in Sources */,
				18FCA1BB1F430D0B001096E7 /* UIScrollView+PeerRefresh.m in Sources */,
				18FCA1BE1F430D20001096E7 /* UIScrollView+PeerEmpty.m in Sources */,
			);
			runOnlyForDeploymentPostprocessing = 0;
		};
		18FCA1971F430CA5001096E7 /* Sources */ = {
			isa = PBXSourcesBuildPhase;
			buildActionMask = 2147483647;
			files = (
				18FCA1A01F430CA5001096E7 /* EmptyDemoTests.m in Sources */,
			);
			runOnlyForDeploymentPostprocessing = 0;
		};
		18FCA1A21F430CA5001096E7 /* Sources */ = {
			isa = PBXSourcesBuildPhase;
			buildActionMask = 2147483647;
			files = (
				18FCA1AB1F430CA5001096E7 /* EmptyDemoUITests.m in Sources */,
			);
			runOnlyForDeploymentPostprocessing = 0;
		};
/* End PBXSourcesBuildPhase section */

/* Begin PBXTargetDependency section */
		18FCA19D1F430CA5001096E7 /* PBXTargetDependency */ = {
			isa = PBXTargetDependency;
			target = 18FCA1811F430CA5001096E7 /* EmptyDemo */;
			targetProxy = 18FCA19C1F430CA5001096E7 /* PBXContainerItemProxy */;
		};
		18FCA1A81F430CA5001096E7 /* PBXTargetDependency */ = {
			isa = PBXTargetDependency;
			target = 18FCA1811F430CA5001096E7 /* EmptyDemo */;
			targetProxy = 18FCA1A71F430CA5001096E7 /* PBXContainerItemProxy */;
		};
/* End PBXTargetDependency section */

/* Begin PBXVariantGroup section */
		18FCA1931F430CA5001096E7 /* LaunchScreen.storyboard */ = {
			isa = PBXVariantGroup;
			children = (
				18FCA1941F430CA5001096E7 /* Base */,
			);
			name = LaunchScreen.storyboard;
			sourceTree = "<group>";
		};
/* End PBXVariantGroup section */

/* Begin XCBuildConfiguration section */
		18FCA1AD1F430CA5001096E7 /* Debug */ = {
			isa = XCBuildConfiguration;
			buildSettings = {
				ALWAYS_SEARCH_USER_PATHS = NO;
				CLANG_ANALYZER_NONNULL = YES;
				CLANG_ANALYZER_NUMBER_OBJECT_CONVERSION = YES_AGGRESSIVE;
				CLANG_CXX_LANGUAGE_STANDARD = "gnu++0x";
				CLANG_CXX_LIBRARY = "libc++";
				CLANG_ENABLE_MODULES = YES;
				CLANG_ENABLE_OBJC_ARC = YES;
				CLANG_WARN_BOOL_CONVERSION = YES;
				CLANG_WARN_CONSTANT_CONVERSION = YES;
				CLANG_WARN_DIRECT_OBJC_ISA_USAGE = YES_ERROR;
				CLANG_WARN_DOCUMENTATION_COMMENTS = YES;
				CLANG_WARN_EMPTY_BODY = YES;
				CLANG_WARN_ENUM_CONVERSION = YES;
				CLANG_WARN_INFINITE_RECURSION = YES;
				CLANG_WARN_INT_CONVERSION = YES;
				CLANG_WARN_OBJC_ROOT_CLASS = YES_ERROR;
				CLANG_WARN_SUSPICIOUS_MOVE = YES;
				CLANG_WARN_UNREACHABLE_CODE = YES;
				CLANG_WARN__DUPLICATE_METHOD_MATCH = YES;
				"CODE_SIGN_IDENTITY[sdk=iphoneos*]" = "iPhone Developer";
				COPY_PHASE_STRIP = NO;
				DEBUG_INFORMATION_FORMAT = dwarf;
				ENABLE_STRICT_OBJC_MSGSEND = YES;
				ENABLE_TESTABILITY = YES;
				GCC_C_LANGUAGE_STANDARD = gnu99;
				GCC_DYNAMIC_NO_PIC = NO;
				GCC_NO_COMMON_BLOCKS = YES;
				GCC_OPTIMIZATION_LEVEL = 0;
				GCC_PREPROCESSOR_DEFINITIONS = (
					"DEBUG=1",
					"$(inherited)",
				);
				GCC_WARN_64_TO_32_BIT_CONVERSION = YES;
				GCC_WARN_ABOUT_RETURN_TYPE = YES_ERROR;
				GCC_WARN_UNDECLARED_SELECTOR = YES;
				GCC_WARN_UNINITIALIZED_AUTOS = YES_AGGRESSIVE;
				GCC_WARN_UNUSED_FUNCTION = YES;
				GCC_WARN_UNUSED_VARIABLE = YES;
				IPHONEOS_DEPLOYMENT_TARGET = 10.3;
				MTL_ENABLE_DEBUG_INFO = YES;
				ONLY_ACTIVE_ARCH = YES;
				SDKROOT = iphoneos;
			};
			name = Debug;
		};
		18FCA1AE1F430CA5001096E7 /* Release */ = {
			isa = XCBuildConfiguration;
			buildSettings = {
				ALWAYS_SEARCH_USER_PATHS = NO;
				CLANG_ANALYZER_NONNULL = YES;
				CLANG_ANALYZER_NUMBER_OBJECT_CONVERSION = YES_AGGRESSIVE;
				CLANG_CXX_LANGUAGE_STANDARD = "gnu++0x";
				CLANG_CXX_LIBRARY = "libc++";
				CLANG_ENABLE_MODULES = YES;
				CLANG_ENABLE_OBJC_ARC = YES;
				CLANG_WARN_BOOL_CONVERSION = YES;
				CLANG_WARN_CONSTANT_CONVERSION = YES;
				CLANG_WARN_DIRECT_OBJC_ISA_USAGE = YES_ERROR;
				CLANG_WARN_DOCUMENTATION_COMMENTS = YES;
				CLANG_WARN_EMPTY_BODY = YES;
				CLANG_WARN_ENUM_CONVERSION = YES;
				CLANG_WARN_INFINITE_RECURSION = YES;
				CLANG_WARN_INT_CONVERSION = YES;
				CLANG_WARN_OBJC_ROOT_CLASS = YES_ERROR;
				CLANG_WARN_SUSPICIOUS_MOVE = YES;
				CLANG_WARN_UNREACHABLE_CODE = YES;
				CLANG_WARN__DUPLICATE_METHOD_MATCH = YES;
				"CODE_SIGN_IDENTITY[sdk=iphoneos*]" = "iPhone Developer";
				COPY_PHASE_STRIP = NO;
				DEBUG_INFORMATION_FORMAT = "dwarf-with-dsym";
				ENABLE_NS_ASSERTIONS = NO;
				ENABLE_STRICT_OBJC_MSGSEND = YES;
				GCC_C_LANGUAGE_STANDARD = gnu99;
				GCC_NO_COMMON_BLOCKS = YES;
				GCC_WARN_64_TO_32_BIT_CONVERSION = YES;
				GCC_WARN_ABOUT_RETURN_TYPE = YES_ERROR;
				GCC_WARN_UNDECLARED_SELECTOR = YES;
				GCC_WARN_UNINITIALIZED_AUTOS = YES_AGGRESSIVE;
				GCC_WARN_UNUSED_FUNCTION = YES;
				GCC_WARN_UNUSED_VARIABLE = YES;
				IPHONEOS_DEPLOYMENT_TARGET = 10.3;
				MTL_ENABLE_DEBUG_INFO = NO;
				SDKROOT = iphoneos;
				VALIDATE_PRODUCT = YES;
			};
			name = Release;
		};
		18FCA1B01F430CA5001096E7 /* Debug */ = {
			isa = XCBuildConfiguration;
			baseConfigurationReference = BEA9E68395B6653A1C9B4817 /* Pods-EmptyDemo.debug.xcconfig */;
			buildSettings = {
				ASSETCATALOG_COMPILER_APPICON_NAME = AppIcon;
				DEVELOPMENT_TEAM = 4QPALNWDNA;
				INFOPLIST_FILE = EmptyDemo/Info.plist;
				LD_RUNPATH_SEARCH_PATHS = "$(inherited) @executable_path/Frameworks";
				PRODUCT_BUNDLE_IDENTIFIER = com.zaoguankeji.www.EmptyDemo;
				PRODUCT_NAME = "$(TARGET_NAME)";
			};
			name = Debug;
		};
		18FCA1B11F430CA5001096E7 /* Release */ = {
			isa = XCBuildConfiguration;
			baseConfigurationReference = 5A0C2E4642A468E7CF46325F /* Pods-EmptyDemo.release.xcconfig */;
			buildSettings = {
				ASSETCATALOG_COMPILER_APPICON_NAME = AppIcon;
				DEVELOPMENT_TEAM = 4QPALNWDNA;
				INFOPLIST_FILE = EmptyDemo/Info.plist;
				LD_RUNPATH_SEARCH_PATHS = "$(inherited) @executable_path/Frameworks";
				PRODUCT_BUNDLE_IDENTIFIER = com.zaoguankeji.www.EmptyDemo;
				PRODUCT_NAME = "$(TARGET_NAME)";
			};
			name = Release;
		};
		18FCA1B31F430CA5001096E7 /* Debug */ = {
			isa = XCBuildConfiguration;
			baseConfigurationReference = A0169BCA9D96A7DE1EF90CE5 /* Pods-EmptyDemoTests.debug.xcconfig */;
			buildSettings = {
				BUNDLE_LOADER = "$(TEST_HOST)";
				DEVELOPMENT_TEAM = 4QPALNWDNA;
				INFOPLIST_FILE = EmptyDemoTests/Info.plist;
				LD_RUNPATH_SEARCH_PATHS = "$(inherited) @executable_path/Frameworks @loader_path/Frameworks";
				PRODUCT_BUNDLE_IDENTIFIER = com.zaoguankeji.www.EmptyDemoTests;
				PRODUCT_NAME = "$(TARGET_NAME)";
				TEST_HOST = "$(BUILT_PRODUCTS_DIR)/EmptyDemo.app/EmptyDemo";
			};
			name = Debug;
		};
		18FCA1B41F430CA5001096E7 /* Release */ = {
			isa = XCBuildConfiguration;
			baseConfigurationReference = EA90903F722B2AB3D6C96102 /* Pods-EmptyDemoTests.release.xcconfig */;
			buildSettings = {
				BUNDLE_LOADER = "$(TEST_HOST)";
				DEVELOPMENT_TEAM = 4QPALNWDNA;
				INFOPLIST_FILE = EmptyDemoTests/Info.plist;
				LD_RUNPATH_SEARCH_PATHS = "$(inherited) @executable_path/Frameworks @loader_path/Frameworks";
				PRODUCT_BUNDLE_IDENTIFIER = com.zaoguankeji.www.EmptyDemoTests;
				PRODUCT_NAME = "$(TARGET_NAME)";
				TEST_HOST = "$(BUILT_PRODUCTS_DIR)/EmptyDemo.app/EmptyDemo";
			};
			name = Release;
		};
		18FCA1B61F430CA5001096E7 /* Debug */ = {
			isa = XCBuildConfiguration;
			baseConfigurationReference = 67DB6BE824CC780DAF8ADBC9 /* Pods-EmptyDemoUITests.debug.xcconfig */;
			buildSettings = {
				DEVELOPMENT_TEAM = 4QPALNWDNA;
				INFOPLIST_FILE = EmptyDemoUITests/Info.plist;
				LD_RUNPATH_SEARCH_PATHS = "$(inherited) @executable_path/Frameworks @loader_path/Frameworks";
				PRODUCT_BUNDLE_IDENTIFIER = com.zaoguankeji.www.EmptyDemoUITests;
				PRODUCT_NAME = "$(TARGET_NAME)";
				TEST_TARGET_NAME = EmptyDemo;
			};
			name = Debug;
		};
		18FCA1B71F430CA5001096E7 /* Release */ = {
			isa = XCBuildConfiguration;
			baseConfigurationReference = 54BCEC79772B5790454FAD5C /* Pods-EmptyDemoUITests.release.xcconfig */;
			buildSettings = {
				DEVELOPMENT_TEAM = 4QPALNWDNA;
				INFOPLIST_FILE = EmptyDemoUITests/Info.plist;
				LD_RUNPATH_SEARCH_PATHS = "$(inherited) @executable_path/Frameworks @loader_path/Frameworks";
				PRODUCT_BUNDLE_IDENTIFIER = com.zaoguankeji.www.EmptyDemoUITests;
				PRODUCT_NAME = "$(TARGET_NAME)";
				TEST_TARGET_NAME = EmptyDemo;
			};
			name = Release;
		};
/* End XCBuildConfiguration section */

/* Begin XCConfigurationList section */
		18FCA17D1F430CA5001096E7 /* Build configuration list for PBXProject "EmptyDemo" */ = {
			isa = XCConfigurationList;
			buildConfigurations = (
				18FCA1AD1F430CA5001096E7 /* Debug */,
				18FCA1AE1F430CA5001096E7 /* Release */,
			);
			defaultConfigurationIsVisible = 0;
			defaultConfigurationName = Release;
		};
		18FCA1AF1F430CA5001096E7 /* Build configuration list for PBXNativeTarget "EmptyDemo" */ = {
			isa = XCConfigurationList;
			buildConfigurations = (
				18FCA1B01F430CA5001096E7 /* Debug */,
				18FCA1B11F430CA5001096E7 /* Release */,
			);
			defaultConfigurationIsVisible = 0;
			defaultConfigurationName = Release;
		};
		18FCA1B21F430CA5001096E7 /* Build configuration list for PBXNativeTarget "EmptyDemoTests" */ = {
			isa = XCConfigurationList;
			buildConfigurations = (
				18FCA1B31F430CA5001096E7 /* Debug */,
				18FCA1B41F430CA5001096E7 /* Release */,
			);
			defaultConfigurationIsVisible = 0;
			defaultConfigurationName = Release;
		};
		18FCA1B51F430CA5001096E7 /* Build configuration list for PBXNativeTarget "EmptyDemoUITests" */ = {
			isa = XCConfigurationList;
			buildConfigurations = (
				18FCA1B61F430CA5001096E7 /* Debug */,
				18FCA1B71F430CA5001096E7 /* Release */,
			);
			defaultConfigurationIsVisible = 0;
			defaultConfigurationName = Release;
		};
/* End XCConfigurationList section */
	};
	rootObject = 18FCA17A1F430CA5001096E7 /* Project object */;
}
